
Microsoft Visual Studio Solution File, Format Version 12.00
# Visual Studio 15
Project("{FAE04EC0-301F-11D3-BF4B-00C04F79EFBC}") = "d365-designer", "d365-designer.csproj", "{145631AA-DBAD-4DBD-96B3-96105EF9BBA0}"
EndProject
Global
	GlobalSection(SolutionConfigurationPlatforms) = preSolution
		Debug|Any CPU = Debug|Any CPU
		Release|Any CPU = Release|Any CPU
	EndGlobalSection
	GlobalSection(ProjectConfigurationPlatforms) = postSolution
		{145631AA-DBAD-4DBD-96B3-96105EF9BBA0}.Debug|Any CPU.ActiveCfg = Debug|Any CPU
		{145631AA-DBAD-4DBD-96B3-96105EF9BBA0}.Debug|Any CPU.Build.0 = Debug|Any CPU
		{145631AA-DBAD-4DBD-96B3-96105EF9BBA0}.Release|Any CPU.ActiveCfg = Release|Any CPU
		{145631AA-DBAD-4DBD-96B3-96105EF9BBA0}.Release|Any CPU.Build.0 = Release|Any CPU
	EndGlobalSection
EndGlobal
